// !$*UTF8*$!
{
	archiveVersion = 1;
	classes = {
	};
	objectVersion = 50;
	objects = {

/* Begin PBXBuildFile section */
		69D48600244E820200A319FF /* AppDelegate.m in Sources */ = {isa = PBXBuildFile; fileRef = 69D485FF244E820200A319FF /* AppDelegate.m */; };
		69D48603244E820200A319FF /* SceneDelegate.m in Sources */ = {isa = PBXBuildFile; fileRef = 69D48602244E820200A319FF /* SceneDelegate.m */; };
		69D48606244E820200A319FF /* ViewController.m in Sources */ = {isa = PBXBuildFile; fileRef = 69D48605244E820200A319FF /* ViewController.m */; };
		69D48609244E820200A319FF /* Main.storyboard in Resources */ = {isa = PBXBuildFile; fileRef = 69D48607244E820200A319FF /* Main.storyboard */; };
		69D4860B244E820400A319FF /* Assets.xcassets in Resources */ = {isa = PBXBuildFile; fileRef = 69D4860A244E820400A319FF /* Assets.xcassets */; };
		69D4860E244E820400A319FF /* LaunchScreen.storyboard in Resources */ = {isa = PBXBuildFile; fileRef = 69D4860C244E820400A319FF /* LaunchScreen.storyboard */; };
		69D48611244E820400A319FF /* main.m in Sources */ = {isa = PBXBuildFile; fileRef = 69D48610244E820400A319FF /* main.m */; };
		69D48618244E82EE00A319FF /* scenery.jpg in Resources */ = {isa = PBXBuildFile; fileRef = 69D48617244E82ED00A319FF /* scenery.jpg */; };
/* End PBXBuildFile section */

/* Begin PBXFileReference section */
		69D485FB244E820200A319FF /* CFFilterDemo.app */ = {isa = PBXFileReference; explicitFileType = wrapper.application; includeInIndex = 0; path = CFFilterDemo.app; sourceTree = BUILT_PRODUCTS_DIR; };
		69D485FE244E820200A319FF /* AppDelegate.h */ = {isa = PBXFileReference; lastKnownFileType = sourcecode.c.h; path = AppDelegate.h; sourceTree = "<group>"; };
		69D485FF244E820200A319FF /* AppDelegate.m */ = {isa = PBXFileReference; lastKnownFileType = sourcecode.c.objc; path = AppDelegate.m; sourceTree = "<group>"; };
		69D48601244E820200A319FF /* SceneDelegate.h */ = {isa = PBXFileReference; lastKnownFileType = sourcecode.c.h; path = SceneDelegate.h; sourceTree = "<group>"; };
		69D48602244E820200A319FF /* SceneDelegate.m */ = {isa = PBXFileReference; lastKnownFileType = sourcecode.c.objc; path = SceneDelegate.m; sourceTree = "<group>"; };
		69D48604244E820200A319FF /* ViewController.h */ = {isa = PBXFileReference; lastKnownFileType = sourcecode.c.h; path = ViewController.h; sourceTree = "<group>"; };
		69D48605244E820200A319FF /* ViewController.m */ = {isa = PBXFileReference; lastKnownFileType = sourcecode.c.objc; path = ViewController.m; sourceTree = "<group>"; };
		69D48608244E820200A319FF /* Base */ = {isa = PBXFileReference; lastKnownFileType = file.storyboard; name = Base; path = Base.lproj/Main.storyboard; sourceTree = "<group>"; };
		69D4860A244E820400A319FF /* Assets.xcassets */ = {isa = PBXFileReference; lastKnownFileType = folder.assetcatalog; path = Assets.xcassets; sourceTree = "<group>"; };
		69D4860D244E820400A319FF /* Base */ = {isa = PBXFileReference; lastKnownFileType = file.storyboard; name = Base; path = Base.lproj/LaunchScreen.storyboard; sourceTree = "<group>"; };
		69D4860F244E820400A319FF /* Info.plist */ = {isa = PBXFileReference; lastKnownFileType = text.plist.xml; path = Info.plist; sourceTree = "<group>"; };
		69D48610244E820400A319FF /* main.m */ = {isa = PBXFileReference; lastKnownFileType = sourcecode.c.objc; path = main.m; sourceTree = "<group>"; };
		69D48617244E82ED00A319FF /* scenery.jpg */ = {isa = PBXFileReference; lastKnownFileType = image.jpeg; path = scenery.jpg; sourceTree = "<group>"; };
/* End PBXFileReference section */

/* Begin PBXFrameworksBuildPhase section */
		69D485F8244E820200A319FF /* Frameworks */ = {
			isa = PBXFrameworksBuildPhase;
			buildActionMask = 2147483647;
			files = (
			);
			runOnlyForDeploymentPostprocessing = 0;
		};
/* End PBXFrameworksBuildPhase section */

/* Begin PBXGroup section */
		69D485F2244E820200A319FF = {
			isa = PBXGroup;
			children = (
				69D485FD244E820200A319FF /* CFFilterDemo */,
				69D485FC244E820200A319FF /* Products */,
			);
			sourceTree = "<group>";
		};
		69D485FC244E820200A319FF /* Products */ = {
			isa = PBXGroup;
			children = (
				69D485FB244E820200A319FF /* CFFilterDemo.app */,
			);
			name = Products;
			sourceTree = "<group>";
		};
		69D485FD244E820200A319FF /* CFFilterDemo */ = {
			isa = PBXGroup;
			children = (
				69D485FE244E820200A319FF /* AppDelegate.h */,
				69D485FF244E820200A319FF /* AppDelegate.m */,
				69D48601244E820200A319FF /* SceneDelegate.h */,
				69D48602244E820200A319FF /* SceneDelegate.m */,
				69D48604244E820200A319FF /* ViewController.h */,
				69D48605244E820200A319FF /* ViewController.m */,
				69D48617244E82ED00A319FF /* scenery.jpg */,
				69D48607244E820200A319FF /* Main.storyboard */,
				69D4860A244E820400A319FF /* Assets.xcassets */,
				69D4860C244E820400A319FF /* LaunchScreen.storyboard */,
				69D4860F244E820400A319FF /* Info.plist */,
				69D48610244E820400A319FF /* main.m */,
			);
			path = CFFilterDemo;
			sourceTree = "<group>";
		};
/* End PBXGroup section */

/* Begin PBXNativeTarget section */
		69D485FA244E820200A319FF /* CFFilterDemo */ = {
			isa = PBXNativeTarget;
			buildConfigurationList = 69D48614244E820400A319FF /* Build configuration list for PBXNativeTarget "CFFilterDemo" */;
			buildPhases = (
				69D485F7244E820200A319FF /* Sources */,
				69D485F8244E820200A319FF /* Frameworks */,
				69D485F9244E820200A319FF /* Resources */,
			);
			buildRules = (
			);
			dependencies = (
			);
			name = CFFilterDemo;
			productName = CFFilterDemo;
			productReference = 69D485FB244E820200A319FF /* CFFilterDemo.app */;
			productType = "com.apple.product-type.application";
		};
/* End PBXNativeTarget section */

/* Begin PBXProject section */
		69D485F3244E820200A319FF /* Project object */ = {
			isa = PBXProject;
			attributes = {
				LastUpgradeCheck = 1130;
				ORGANIZATIONNAME = "song yang";
				TargetAttributes = {
					69D485FA244E820200A319FF = {
						CreatedOnToolsVersion = 11.3.1;
					};
				};
			};
			buildConfigurationList = 69D485F6244E820200A319FF /* Build configuration list for PBXProject "CFFilterDemo" */;
			compatibilityVersion = "Xcode 9.3";
			developmentRegion = en;
			hasScannedForEncodings = 0;
			knownRegions = (
				en,
				Base,
			);
			mainGroup = 69D485F2244E820200A319FF;
			productRefGroup = 69D485FC244E820200A319FF /* Products */;
			projectDirPath = "";
			projectRoot = "";
			targets = (
				69D485FA244E820200A319FF /* CFFilterDemo */,
			);
		};
/* End PBXProject section */

/* Begin PBXResourcesBuildPhase section */
		69D485F9244E820200A319FF /* Resources */ = {
			isa = PBXResourcesBuildPhase;
			buildActionMask = 2147483647;
			files = (
				69D4860E244E820400A319FF /* LaunchScreen.storyboard in Resources */,
				69D4860B244E820400A319FF /* Assets.xcassets in Resources */,
				69D48609244E820200A319FF /* Main.storyboard in Resources */,
				69D48618244E82EE00A319FF /* scenery.jpg in Resources */,
			);
			runOnlyForDeploymentPostprocessing = 0;
		};
/* End PBXResourcesBuildPhase section */

/* Begin PBXSourcesBuildPhase section */
		69D485F7244E820200A319FF /* Sources */ = {
			isa = PBXSourcesBuildPhase;
			buildActionMask = 2147483647;
			files = (
				69D48606244E820200A319FF /* ViewController.m in Sources */,
				69D48600244E820200A319FF /* AppDelegate.m in Sources */,
				69D48611244E820400A319FF /* main.m in Sources */,
				69D48603244E820200A319FF /* SceneDelegate.m in Sources */,
			);
			runOnlyForDeploymentPostprocessing = 0;
		};
/* End PBXSourcesBuildPhase section */

/* Begin PBXVariantGroup section */
		69D48607244E820200A319FF /* Main.storyboard */ = {
			isa = PBXVariantGroup;
			children = (
				69D48608244E820200A319FF /* Base */,
			);
			name = Main.storyboard;
			sourceTree = "<group>";
		};
		69D4860C244E820400A319FF /* LaunchScreen.storyboard */ = {
			isa = PBXVariantGroup;
			children = (
				69D4860D244E820400A319FF /* Base */,
			);
			name = LaunchScreen.storyboard;
			sourceTree = "<group>";
		};
/* End PBXVariantGroup section */

/* Begin XCBuildConfiguration section */
		69D48612244E820400A319FF /* Debug */ = {
			isa = XCBuildConfiguration;
			buildSettings = {
				ALWAYS_SEARCH_USER_PATHS = NO;
				CLANG_ANALYZER_NONNULL = YES;
				CLANG_ANALYZER_NUMBER_OBJECT_CONVERSION = YES_AGGRESSIVE;
				CLANG_CXX_LANGUAGE_STANDARD = "gnu++14";
				CLANG_CXX_LIBRARY = "libc++";
				CLANG_ENABLE_MODULES = YES;
				CLANG_ENABLE_OBJC_ARC = YES;
				CLANG_ENABLE_OBJC_WEAK = YES;
				CLANG_WARN_BLOCK_CAPTURE_AUTORELEASING = YES;
				CLANG_WARN_BOOL_CONVERSION = YES;
				CLANG_WARN_COMMA = YES;
				CLANG_WARN_CONSTANT_CONVERSION = YES;
				CLANG_WARN_DEPRECATED_OBJC_IMPLEMENTATIONS = YES;
				CLANG_WARN_DIRECT_OBJC_ISA_USAGE = YES_ERROR;
				CLANG_WARN_DOCUMENTATION_COMMENTS = YES;
				CLANG_WARN_EMPTY_BODY = YES;
				CLANG_WARN_ENUM_CONVERSION = YES;
				CLANG_WARN_INFINITE_RECURSION = YES;
				CLANG_WARN_INT_CONVERSION = YES;
				CLANG_WARN_NON_LITERAL_NULL_CONVERSION = YES;
				CLANG_WARN_OBJC_IMPLICIT_RETAIN_SELF = YES;
				CLANG_WARN_OBJC_LITERAL_CONVERSION = YES;
				CLANG_WARN_OBJC_ROOT_CLASS = YES_ERROR;
				CLANG_WARN_RANGE_LOOP_ANALYSIS = YES;
				CLANG_WARN_STRICT_PROTOTYPES = YES;
				CLANG_WARN_SUSPICIOUS_MOVE = YES;
				CLANG_WARN_UNGUARDED_AVAILABILITY = YES_AGGRESSIVE;
				CLANG_WARN_UNREACHABLE_CODE = YES;
				CLANG_WARN__DUPLICATE_METHOD_MATCH = YES;
				COPY_PHASE_STRIP = NO;
				DEBUG_INFORMATION_FORMAT = dwarf;
				ENABLE_STRICT_OBJC_MSGSEND = YES;
				ENABLE_TESTABILITY = YES;
				GCC_C_LANGUAGE_STANDARD = gnu11;
				GCC_DYNAMIC_NO_PIC = NO;
				GCC_NO_COMMON_BLOCKS = YES;
				GCC_OPTIMIZATION_LEVEL = 0;
				GCC_PREPROCESSOR_DEFINITIONS = (
					"DEBUG=1",
					"$(inherited)",
				);
				GCC_WARN_64_TO_32_BIT_CONVERSION = YES;
				GCC_WARN_ABOUT_RETURN_TYPE = YES_ERROR;
				GCC_WARN_UNDECLARED_SELECTOR = YES;
				GCC_WARN_UNINITIALIZED_AUTOS = YES_AGGRESSIVE;
				GCC_WARN_UNUSED_FUNCTION = YES;
				GCC_WARN_UNUSED_VARIABLE = YES;
				IPHONEOS_DEPLOYMENT_TARGET = 13.2;
				MTL_ENABLE_DEBUG_INFO = INCLUDE_SOURCE;
				MTL_FAST_MATH = YES;
				ONLY_ACTIVE_ARCH = YES;
				SDKROOT = iphoneos;
			};
			name = Debug;
		};
		69D48613244E820400A319FF /* Release */ = {
			isa = XCBuildConfiguration;
			buildSettings = {
				ALWAYS_SEARCH_USER_PATHS = NO;
				CLANG_ANALYZER_NONNULL = YES;
				CLANG_ANALYZER_NUMBER_OBJECT_CONVERSION = YES_AGGRESSIVE;
				CLANG_CXX_LANGUAGE_STANDARD = "gnu++14";
				CLANG_CXX_LIBRARY = "libc++";
				CLANG_ENABLE_MODULES = YES;
				CLANG_ENABLE_OBJC_ARC = YES;
				CLANG_ENABLE_OBJC_WEAK = YES;
				CLANG_WARN_BLOCK_CAPTURE_AUTORELEASING = YES;
				CLANG_WARN_BOOL_CONVERSION = YES;
				CLANG_WARN_COMMA = YES;
				CLANG_WARN_CONSTANT_CONVERSION = YES;
				CLANG_WARN_DEPRECATED_OBJC_IMPLEMENTATIONS = YES;
				CLANG_WARN_DIRECT_OBJC_ISA_USAGE = YES_ERROR;
				CLANG_WARN_DOCUMENTATION_COMMENTS = YES;
				CLANG_WARN_EMPTY_BODY = YES;
				CLANG_WARN_ENUM_CONVERSION = YES;
				CLANG_WARN_INFINITE_RECURSION = YES;
				CLANG_WARN_INT_CONVERSION = YES;
				CLANG_WARN_NON_LITERAL_NULL_CONVERSION = YES;
				CLANG_WARN_OBJC_IMPLICIT_RETAIN_SELF = YES;
				CLANG_WARN_OBJC_LITERAL_CONVERSION = YES;
				CLANG_WARN_OBJC_ROOT_CLASS = YES_ERROR;
				CLANG_WARN_RANGE_LOOP_ANALYSIS = YES;
				CLANG_WARN_STRICT_PROTOTYPES = YES;
				CLANG_WARN_SUSPICIOUS_MOVE = YES;
				CLANG_WARN_UNGUARDED_AVAILABILITY = YES_AGGRESSIVE;
				CLANG_WARN_UNREACHABLE_CODE = YES;
				CLANG_WARN__DUPLICATE_METHOD_MATCH = YES;
				COPY_PHASE_STRIP = NO;
				DEBUG_INFORMATION_FORMAT = "dwarf-with-dsym";
				ENABLE_NS_ASSERTIONS = NO;
				ENABLE_STRICT_OBJC_MSGSEND = YES;
				GCC_C_LANGUAGE_STANDARD = gnu11;
				GCC_NO_COMMON_BLOCKS = YES;
				GCC_WARN_64_TO_32_BIT_CONVERSION = YES;
				GCC_WARN_ABOUT_RETURN_TYPE = YES_ERROR;
				GCC_WARN_UNDECLARED_SELECTOR = YES;
				GCC_WARN_UNINITIALIZED_AUTOS = YES_AGGRESSIVE;
				GCC_WARN_UNUSED_FUNCTION = YES;
				GCC_WARN_UNUSED_VARIABLE = YES;
				IPHONEOS_DEPLOYMENT_TARGET = 13.2;
				MTL_ENABLE_DEBUG_INFO = NO;
				MTL_FAST_MATH = YES;
				SDKROOT = iphoneos;
				VALIDATE_PRODUCT = YES;
			};
			name = Release;
		};
		69D48615244E820400A319FF /* Debug */ = {
			isa = XCBuildConfiguration;
			buildSettings = {
				ASSETCATALOG_COMPILER_APPICON_NAME = AppIcon;
				CODE_SIGN_STYLE = Automatic;
				DEVELOPMENT_TEAM = B7395L7V2H;
				INFOPLIST_FILE = CFFilterDemo/Info.plist;
				LD_RUNPATH_SEARCH_PATHS = (
					"$(inherited)",
					"@executable_path/Frameworks",
				);
				PRODUCT_BUNDLE_IDENTIFIER = "song-yang.CFFilterDemo";
				PRODUCT_NAME = "$(TARGET_NAME)";
				TARGETED_DEVICE_FAMILY = "1,2";
			};
			name = Debug;
		};
		69D48616244E820400A319FF /* Release */ = {
			isa = XCBuildConfiguration;
			buildSettings = {
				ASSETCATALOG_COMPILER_APPICON_NAME = AppIcon;
				CODE_SIGN_STYLE = Automatic;
				DEVELOPMENT_TEAM = B7395L7V2H;
				INFOPLIST_FILE = CFFilterDemo/Info.plist;
				LD_RUNPATH_SEARCH_PATHS = (
					"$(inherited)",
					"@executable_path/Frameworks",
				);
				PRODUCT_BUNDLE_IDENTIFIER = "song-yang.CFFilterDemo";
				PRODUCT_NAME = "$(TARGET_NAME)";
				TARGETED_DEVICE_FAMILY = "1,2";
			};
			name = Release;
		};
/* End XCBuildConfiguration section */

/* Begin XCConfigurationList section */
		69D485F6244E820200A319FF /* Build configuration list for PBXProject "CFFilterDemo" */ = {
			isa = XCConfigurationList;
			buildConfigurations = (
				69D48612244E820400A319FF /* Debug */,
				69D48613244E820400A319FF /* Release */,
			);
			defaultConfigurationIsVisible = 0;
			defaultConfigurationName = Release;
		};
		69D48614244E820400A319FF /* Build configuration list for PBXNativeTarget "CFFilterDemo" */ = {
			isa = XCConfigurationList;
			buildConfigurations = (
				69D48615244E820400A319FF /* Debug */,
				69D48616244E820400A319FF /* Release */,
			);
			defaultConfigurationIsVisible = 0;
			defaultConfigurationName = Release;
		};
/* End XCConfigurationList section */
	};
	rootObject = 69D485F3244E820200A319FF /* Project object */;
}
